{
  "name": "webauthn-service-worker",
  "version": "1.0.1",
  "lockfileVersion": 1,
  "requires": true,
  "dependencies": {
    "base64url": {
      "version": "3.0.1",
      "resolved": "https://registry.npmjs.org/base64url/-/base64url-3.0.1.tgz",
      "integrity": "sha512-ir1UPr3dkwexU7FdV8qBBbNDRUhMmIekYMFZfi+C/sLNnRESKPl23nB9b2pltqfOQNnGzsDdId90AEtG5tCx4A=="
    },
    "bignumber.js": {
      "version": "8.1.1",
      "resolved": "https://registry.npmjs.org/bignumber.js/-/bignumber.js-8.1.1.tgz",
      "integrity": "sha512-QD46ppGintwPGuL1KqmwhR0O+N2cZUg8JG/VzwI2e28sM9TqHjQB10lI4QAaMHVbLzwVLLAwEglpKPViWX+5NQ=="
    },
    "cbor": {
      "version": "4.1.5",
      "resolved": "https://registry.npmjs.org/cbor/-/cbor-4.1.5.tgz",
      "integrity": "sha512-WqpISHl7/kk1u1uoaqctGyGiET3+wGN4A6pPsFCzEBztJJlCVxnMB4JwcuuNSrMiV4V6UBlxMkhNzJrUxDWO1A==",
      "requires": {
        "bignumber.js": "^8.0.2",
        "commander": "^2.19.0",
        "json-text-sequence": "^0.1",
        "nofilter": "^1.0.1"
      }
    },
    "commander": {
      "version": "2.19.0",
      "resolved": "https://registry.npmjs.org/commander/-/commander-2.19.0.tgz",
      "integrity": "sha512-6tvAOO+D6OENvRAh524Dh9jcfKTYDQAqvqezbCW82xj5X0pSrcpxtvRKHLG0yBY6SD7PSDrJaj+0AiOcKVd1Xg=="
    },
    "crypto": {
      "version": "1.0.1",
      "resolved": "https://registry.npmjs.org/crypto/-/crypto-1.0.1.tgz",
      "integrity": "sha512-VxBKmeNcqQdiUQUW2Tzq0t377b54N2bMtXO/qiLa+6eRRmmC4qT3D4OnTGoT/U6O9aklQ/jTwbOtRMTTY8G0Ig=="
    },
    "delimit-stream": {
      "version": "0.1.0",
      "resolved": "https://registry.npmjs.org/delimit-stream/-/delimit-stream-0.1.0.tgz",
      "integrity": "sha1-m4MZR3wOX4rrPONXrjBfwl6hzSs="
    },
    "idb": {
      "version": "4.0.0",
      "resolved": "https://registry.npmjs.org/idb/-/idb-4.0.0.tgz",
      "integrity": "sha512-TWHSYcfqKet9ew50PFqdi2KB8gfdXO3NESh9be7eJqk9uC0rmGb6A/eiIN/UpGYkbjZ98psDujE5/oaeqkraCQ=="
    },
    "json-text-sequence": {
      "version": "0.1.1",
      "resolved": "https://registry.npmjs.org/json-text-sequence/-/json-text-sequence-0.1.1.tgz",
      "integrity": "sha1-py8hfcSvxGKf/1/rME3BvVGi89I=",
      "requires": {
        "delimit-stream": "0.1.0"
      }
    },
    "nofilter": {
      "version": "1.0.2",
      "resolved": "https://registry.npmjs.org/nofilter/-/nofilter-1.0.2.tgz",
      "integrity": "sha512-d38SORxm9UNoDsnPXajV9nBEebKX4/paXAlyRGnSjZuFbLLZDFUO4objr+tbybqsbqGXDWllb6gQoKUDc9q3Cg=="
    }
  }
}
